
Microsoft Visual Studio Solution File, Format Version 10.00
# Visual Studio 2008
Project("{FAE04EC0-301F-11D3-BF4B-00C04F79EFBC}") = "Rapid.Tools", "trunk\Rapid.Tools\Rapid.Tools.csproj", "{8F9DC468-B353-485C-9A17-3A6F9D4DCB09}"
EndProject
Project("{FAE04EC0-301F-11D3-BF4B-00C04F79EFBC}") = "Rapid.Tools.SPDeploy", "trunk\Rapid.Tools.SPDeploy\Rapid.Tools.SPDeploy.csproj", "{F768713D-86A1-4557-ABFC-F843E615C7CC}"
EndProject
Project("{FAE04EC0-301F-11D3-BF4B-00C04F79EFBC}") = "Rapid.Tools.SPDeploy.AddIn", "trunk\Rapid.Tools.SPDeploy.AddIn\Rapid.Tools.SPDeploy.AddIn.csproj", "{AF3988EC-105B-4418-9733-744A912549C6}"
EndProject
Project("{2150E333-8FDC-42A3-9474-1A3956D46DE8}") = "Solution Items", "Solution Items", "{B42961ED-ABF3-4924-A32B-446B0EEA1C17}"
	ProjectSection(SolutionItems) = preProject
		trunk\RapidTools.build = trunk\RapidTools.build
	EndProjectSection
EndProject
Global
	GlobalSection(SolutionConfigurationPlatforms) = preSolution
		Debug|Any CPU = Debug|Any CPU
		Debug|Mixed Platforms = Debug|Mixed Platforms
		Debug|x86 = Debug|x86
		Release|Any CPU = Release|Any CPU
		Release|Mixed Platforms = Release|Mixed Platforms
		Release|x86 = Release|x86
	EndGlobalSection
	GlobalSection(ProjectConfigurationPlatforms) = postSolution
		{8F9DC468-B353-485C-9A17-3A6F9D4DCB09}.Debug|Any CPU.ActiveCfg = Debug|Any CPU
		{8F9DC468-B353-485C-9A17-3A6F9D4DCB09}.Debug|Any CPU.Build.0 = Debug|Any CPU
		{8F9DC468-B353-485C-9A17-3A6F9D4DCB09}.Debug|Mixed Platforms.ActiveCfg = Debug|Any CPU
		{8F9DC468-B353-485C-9A17-3A6F9D4DCB09}.Debug|Mixed Platforms.Build.0 = Debug|Any CPU
		{8F9DC468-B353-485C-9A17-3A6F9D4DCB09}.Debug|x86.ActiveCfg = Debug|Any CPU
		{8F9DC468-B353-485C-9A17-3A6F9D4DCB09}.Release|Any CPU.ActiveCfg = Release|Any CPU
		{8F9DC468-B353-485C-9A17-3A6F9D4DCB09}.Release|Any CPU.Build.0 = Release|Any CPU
		{8F9DC468-B353-485C-9A17-3A6F9D4DCB09}.Release|Mixed Platforms.ActiveCfg = Release|Any CPU
		{8F9DC468-B353-485C-9A17-3A6F9D4DCB09}.Release|Mixed Platforms.Build.0 = Release|Any CPU
		{8F9DC468-B353-485C-9A17-3A6F9D4DCB09}.Release|x86.ActiveCfg = Release|Any CPU
		{F768713D-86A1-4557-ABFC-F843E615C7CC}.Debug|Any CPU.ActiveCfg = Debug|Any CPU
		{F768713D-86A1-4557-ABFC-F843E615C7CC}.Debug|Any CPU.Build.0 = Debug|Any CPU
		{F768713D-86A1-4557-ABFC-F843E615C7CC}.Debug|Mixed Platforms.ActiveCfg = Debug|Any CPU
		{F768713D-86A1-4557-ABFC-F843E615C7CC}.Debug|Mixed Platforms.Build.0 = Debug|Any CPU
		{F768713D-86A1-4557-ABFC-F843E615C7CC}.Debug|x86.ActiveCfg = Debug|Any CPU
		{F768713D-86A1-4557-ABFC-F843E615C7CC}.Release|Any CPU.ActiveCfg = Release|Any CPU
		{F768713D-86A1-4557-ABFC-F843E615C7CC}.Release|Any CPU.Build.0 = Release|Any CPU
		{F768713D-86A1-4557-ABFC-F843E615C7CC}.Release|Mixed Platforms.ActiveCfg = Release|Any CPU
		{F768713D-86A1-4557-ABFC-F843E615C7CC}.Release|Mixed Platforms.Build.0 = Release|Any CPU
		{F768713D-86A1-4557-ABFC-F843E615C7CC}.Release|x86.ActiveCfg = Release|Any CPU
		{AF3988EC-105B-4418-9733-744A912549C6}.Debug|Any CPU.ActiveCfg = Debug|Any CPU
		{AF3988EC-105B-4418-9733-744A912549C6}.Debug|Any CPU.Build.0 = Debug|Any CPU
		{AF3988EC-105B-4418-9733-744A912549C6}.Debug|Mixed Platforms.ActiveCfg = Debug|Any CPU
		{AF3988EC-105B-4418-9733-744A912549C6}.Debug|Mixed Platforms.Build.0 = Debug|Any CPU
		{AF3988EC-105B-4418-9733-744A912549C6}.Debug|x86.ActiveCfg = Debug|Any CPU
		{AF3988EC-105B-4418-9733-744A912549C6}.Release|Any CPU.ActiveCfg = Release|Any CPU
		{AF3988EC-105B-4418-9733-744A912549C6}.Release|Any CPU.Build.0 = Release|Any CPU
		{AF3988EC-105B-4418-9733-744A912549C6}.Release|Mixed Platforms.ActiveCfg = Release|Any CPU
		{AF3988EC-105B-4418-9733-744A912549C6}.Release|Mixed Platforms.Build.0 = Release|Any CPU
		{AF3988EC-105B-4418-9733-744A912549C6}.Release|x86.ActiveCfg = Release|Any CPU
	EndGlobalSection
	GlobalSection(SolutionProperties) = preSolution
		HideSolutionNode = FALSE
	EndGlobalSection
EndGlobal
